
Microsoft Visual Studio Solution File, Format Version 12.00
# Visual Studio 15
VisualStudioVersion = 15.0.28307.168
MinimumVisualStudioVersion = 10.0.40219.1
Project("{FAE04EC0-301F-11D3-BF4B-00C04F79EFBC}") = "WebAppAuth1", "WebAppAuth1\WebAppAuth1.csproj", "{B08E366F-808E-4081-B1C2-02C399CB6A26}"
EndProject
Project("{FAE04EC0-301F-11D3-BF4B-00C04F79EFBC}") = "DomainModel", "DomainModel\DomainModel.csproj", "{E57EA758-ED12-4FDB-B710-B920DA0E5DA8}"
EndProject
Project("{FAE04EC0-301F-11D3-BF4B-00C04F79EFBC}") = "BusinessAPI", "BusinessAPI\BusinessAPI.csproj", "{940787E0-AF3A-40BB-ABC8-3519A48CAB84}"
EndProject
Global
	GlobalSection(SolutionConfigurationPlatforms) = preSolution
		Debug|Any CPU = Debug|Any CPU
		Release|Any CPU = Release|Any CPU
	EndGlobalSection
	GlobalSection(ProjectConfigurationPlatforms) = postSolution
		{B08E366F-808E-4081-B1C2-02C399CB6A26}.Debug|Any CPU.ActiveCfg = Debug|Any CPU
		{B08E366F-808E-4081-B1C2-02C399CB6A26}.Debug|Any CPU.Build.0 = Debug|Any CPU
		{B08E366F-808E-4081-B1C2-02C399CB6A26}.Release|Any CPU.ActiveCfg = Release|Any CPU
		{B08E366F-808E-4081-B1C2-02C399CB6A26}.Release|Any CPU.Build.0 = Release|Any CPU
		{E57EA758-ED12-4FDB-B710-B920DA0E5DA8}.Debug|Any CPU.ActiveCfg = Debug|Any CPU
		{E57EA758-ED12-4FDB-B710-B920DA0E5DA8}.Debug|Any CPU.Build.0 = Debug|Any CPU
		{E57EA758-ED12-4FDB-B710-B920DA0E5DA8}.Release|Any CPU.ActiveCfg = Release|Any CPU
		{E57EA758-ED12-4FDB-B710-B920DA0E5DA8}.Release|Any CPU.Build.0 = Release|Any CPU
		{940787E0-AF3A-40BB-ABC8-3519A48CAB84}.Debug|Any CPU.ActiveCfg = Debug|Any CPU
		{940787E0-AF3A-40BB-ABC8-3519A48CAB84}.Debug|Any CPU.Build.0 = Debug|Any CPU
		{940787E0-AF3A-40BB-ABC8-3519A48CAB84}.Release|Any CPU.ActiveCfg = Release|Any CPU
		{940787E0-AF3A-40BB-ABC8-3519A48CAB84}.Release|Any CPU.Build.0 = Release|Any CPU
	EndGlobalSection
	GlobalSection(SolutionProperties) = preSolution
		HideSolutionNode = FALSE
	EndGlobalSection
	GlobalSection(ExtensibilityGlobals) = postSolution
		SolutionGuid = {EF8BB8F4-CDF8-402D-A9C1-C0D5E2F7957D}
	EndGlobalSection
EndGlobal
